
Microsoft Visual Studio Solution File, Format Version 12.00
# Visual Studio Version 17
VisualStudioVersion = 17.2.32616.157
MinimumVisualStudioVersion = 10.0.40219.1
Project("{FAE04EC0-301F-11D3-BF4B-00C04F79EFBC}") = "Lab2", "Lab2\Lab2.csproj", "{C0E1770A-7B84-4C05-9544-D696418BA3FB}"
EndProject
Global
	GlobalSection(SolutionConfigurationPlatforms) = preSolution
		Debug|Any CPU = Debug|Any CPU
		Release|Any CPU = Release|Any CPU
	EndGlobalSection
	GlobalSection(ProjectConfigurationPlatforms) = postSolution
		{C0E1770A-7B84-4C05-9544-D696418BA3FB}.Debug|Any CPU.ActiveCfg = Debug|Any CPU
		{C0E1770A-7B84-4C05-9544-D696418BA3FB}.Debug|Any CPU.Build.0 = Debug|Any CPU
		{C0E1770A-7B84-4C05-9544-D696418BA3FB}.Release|Any CPU.ActiveCfg = Release|Any CPU
		{C0E1770A-7B84-4C05-9544-D696418BA3FB}.Release|Any CPU.Build.0 = Release|Any CPU
	EndGlobalSection
	GlobalSection(SolutionProperties) = preSolution
		HideSolutionNode = FALSE
	EndGlobalSection
	GlobalSection(ExtensibilityGlobals) = postSolution
		SolutionGuid = {A486886F-4960-42A5-8495-7DA3C6687891}
	EndGlobalSection
EndGlobal
